
Microsoft Visual Studio Solution File, Format Version 12.00
# Visual Studio Version 17
VisualStudioVersion = 17.14.36414.22 d17.14
MinimumVisualStudioVersion = 10.0.40219.1
Project("{FAE04EC0-301F-11D3-BF4B-00C04F79EFBC}") = "task", "task\task.csproj", "{616B3445-572F-4485-9BAE-31D0EE81F903}"
EndProject
Global
	GlobalSection(SolutionConfigurationPlatforms) = preSolution
		Debug|Any CPU = Debug|Any CPU
		Release|Any CPU = Release|Any CPU
	EndGlobalSection
	GlobalSection(ProjectConfigurationPlatforms) = postSolution
		{616B3445-572F-4485-9BAE-31D0EE81F903}.Debug|Any CPU.ActiveCfg = Debug|Any CPU
		{616B3445-572F-4485-9BAE-31D0EE81F903}.Debug|Any CPU.Build.0 = Debug|Any CPU
		{616B3445-572F-4485-9BAE-31D0EE81F903}.Release|Any CPU.ActiveCfg = Release|Any CPU
		{616B3445-572F-4485-9BAE-31D0EE81F903}.Release|Any CPU.Build.0 = Release|Any CPU
	EndGlobalSection
	GlobalSection(SolutionProperties) = preSolution
		HideSolutionNode = FALSE
	EndGlobalSection
	GlobalSection(ExtensibilityGlobals) = postSolution
		SolutionGuid = {D85CFFCE-CF9D-45B7-BCF1-1C6E6FAE07EA}
	EndGlobalSection
EndGlobal
